
Microsoft Visual Studio Solution File, Format Version 12.00
# Visual Studio Version 17
VisualStudioVersion = 17.8.35230.98
MinimumVisualStudioVersion = 10.0.40219.1
Project("{9A19103F-16F7-4668-BE54-9A1E7A4F7556}") = "SDLPal.NET", "SDLPal.NET\SDLPal.NET.csproj", "{21AFCEB6-AB44-45BA-A921-F1053DB1B0B2}"
EndProject
Global
	GlobalSection(SolutionConfigurationPlatforms) = preSolution
		Debug|Any CPU = Debug|Any CPU
		Release|Any CPU = Release|Any CPU
	EndGlobalSection
	GlobalSection(ProjectConfigurationPlatforms) = postSolution
		{21AFCEB6-AB44-45BA-A921-F1053DB1B0B2}.Debug|Any CPU.ActiveCfg = Debug|Any CPU
		{21AFCEB6-AB44-45BA-A921-F1053DB1B0B2}.Debug|Any CPU.Build.0 = Debug|Any CPU
		{21AFCEB6-AB44-45BA-A921-F1053DB1B0B2}.Release|Any CPU.ActiveCfg = Release|Any CPU
		{21AFCEB6-AB44-45BA-A921-F1053DB1B0B2}.Release|Any CPU.Build.0 = Release|Any CPU
	EndGlobalSection
	GlobalSection(SolutionProperties) = preSolution
		HideSolutionNode = FALSE
	EndGlobalSection
	GlobalSection(ExtensibilityGlobals) = postSolution
		SolutionGuid = {7DE066D3-BC00-46E3-B56F-14FD3AFAEA35}
	EndGlobalSection
EndGlobal
